
Microsoft Visual Studio Solution File, Format Version 12.00
# Visual Studio 14
VisualStudioVersion = 14.0.23107.0
MinimumVisualStudioVersion = 10.0.40219.1
Project("{FAE04EC0-301F-11D3-BF4B-00C04F79EFBC}") = "GoogleThesaurus", "GoogleThesaurus\GoogleThesaurus.csproj", "{2F8FB030-DE05-414B-96B3-4EDC67FEA458}"
EndProject
Global
	GlobalSection(SolutionConfigurationPlatforms) = preSolution
		Debug|Any CPU = Debug|Any CPU
		Release|Any CPU = Release|Any CPU
		Description = Programme qui fait une recher dans les fichiers du Temp des élèves, ainsi que sur le site web de l'etml et dans le classeur educanet2 des élèves.
	EndGlobalSection
	GlobalSection(ProjectConfigurationPlatforms) = postSolution
		{2F8FB030-DE05-414B-96B3-4EDC67FEA458}.Debug|Any CPU.ActiveCfg = Debug|Any CPU
		{2F8FB030-DE05-414B-96B3-4EDC67FEA458}.Debug|Any CPU.Build.0 = Debug|Any CPU
		{2F8FB030-DE05-414B-96B3-4EDC67FEA458}.Release|Any CPU.ActiveCfg = Release|Any CPU
		{2F8FB030-DE05-414B-96B3-4EDC67FEA458}.Release|Any CPU.Build.0 = Release|Any CPU
	EndGlobalSection
	GlobalSection(SolutionProperties) = preSolution
		HideSolutionNode = FALSE
	EndGlobalSection
EndGlobal
