
Microsoft Visual Studio Solution File, Format Version 12.00
# Visual Studio 14
VisualStudioVersion = 14.0.23107.0
MinimumVisualStudioVersion = 10.0.40219.1
Project("{FAE04EC0-301F-11D3-BF4B-00C04F79EFBC}") = "Smart-Thesaurus", "Smart-Thesaurus\Smart-Thesaurus.csproj", "{EAC428F0-3FE9-4101-ADD5-8F4CEE385919}"
EndProject
Project("{FAE04EC0-301F-11D3-BF4B-00C04F79EFBC}") = "GoogleThesaurus", "GoogleThesaurus\GoogleThesaurus.csproj", "{2F8FB030-DE05-414B-96B3-4EDC67FEA458}"
EndProject
Global
	GlobalSection(SolutionConfigurationPlatforms) = preSolution
		Debug|Any CPU = Debug|Any CPU
		Release|Any CPU = Release|Any CPU
	EndGlobalSection
	GlobalSection(ProjectConfigurationPlatforms) = postSolution
		{EAC428F0-3FE9-4101-ADD5-8F4CEE385919}.Debug|Any CPU.ActiveCfg = Debug|Any CPU
		{EAC428F0-3FE9-4101-ADD5-8F4CEE385919}.Debug|Any CPU.Build.0 = Debug|Any CPU
		{EAC428F0-3FE9-4101-ADD5-8F4CEE385919}.Release|Any CPU.ActiveCfg = Release|Any CPU
		{EAC428F0-3FE9-4101-ADD5-8F4CEE385919}.Release|Any CPU.Build.0 = Release|Any CPU
		{2F8FB030-DE05-414B-96B3-4EDC67FEA458}.Debug|Any CPU.ActiveCfg = Debug|Any CPU
		{2F8FB030-DE05-414B-96B3-4EDC67FEA458}.Debug|Any CPU.Build.0 = Debug|Any CPU
		{2F8FB030-DE05-414B-96B3-4EDC67FEA458}.Release|Any CPU.ActiveCfg = Release|Any CPU
		{2F8FB030-DE05-414B-96B3-4EDC67FEA458}.Release|Any CPU.Build.0 = Release|Any CPU
	EndGlobalSection
	GlobalSection(SolutionProperties) = preSolution
		HideSolutionNode = FALSE
	EndGlobalSection
EndGlobal
